
Microsoft Visual Studio Solution File, Format Version 12.00
# Visual Studio Version 17
VisualStudioVersion = 17.9.34723.18
MinimumVisualStudioVersion = 10.0.40219.1
Project("{FAE04EC0-301F-11D3-BF4B-00C04F79EFBC}") = "CustomerService.Api", "CustomerService\CustomerService.Api.csproj", "{7ED5F87B-5213-4B78-B84F-71BF1AB87FB1}"
EndProject
Project("{FAE04EC0-301F-11D3-BF4B-00C04F79EFBC}") = "CustomerService.Lib", "CustomerService.Lib\CustomerService.Lib.csproj", "{791CA433-B5AA-433A-8710-C9BA2AD2EB1A}"
EndProject
Project("{FAE04EC0-301F-11D3-BF4B-00C04F79EFBC}") = "CustomerService.Core", "CustomerService.Core\CustomerService.Core.csproj", "{82479F3F-2FB0-4D35-91F0-6D0E5D21E480}"
EndProject
Global
	GlobalSection(SolutionConfigurationPlatforms) = preSolution
		Debug|Any CPU = Debug|Any CPU
		Release|Any CPU = Release|Any CPU
	EndGlobalSection
	GlobalSection(ProjectConfigurationPlatforms) = postSolution
		{7ED5F87B-5213-4B78-B84F-71BF1AB87FB1}.Debug|Any CPU.ActiveCfg = Debug|Any CPU
		{7ED5F87B-5213-4B78-B84F-71BF1AB87FB1}.Debug|Any CPU.Build.0 = Debug|Any CPU
		{7ED5F87B-5213-4B78-B84F-71BF1AB87FB1}.Release|Any CPU.ActiveCfg = Release|Any CPU
		{7ED5F87B-5213-4B78-B84F-71BF1AB87FB1}.Release|Any CPU.Build.0 = Release|Any CPU
		{791CA433-B5AA-433A-8710-C9BA2AD2EB1A}.Debug|Any CPU.ActiveCfg = Debug|Any CPU
		{791CA433-B5AA-433A-8710-C9BA2AD2EB1A}.Debug|Any CPU.Build.0 = Debug|Any CPU
		{791CA433-B5AA-433A-8710-C9BA2AD2EB1A}.Release|Any CPU.ActiveCfg = Release|Any CPU
		{791CA433-B5AA-433A-8710-C9BA2AD2EB1A}.Release|Any CPU.Build.0 = Release|Any CPU
		{82479F3F-2FB0-4D35-91F0-6D0E5D21E480}.Debug|Any CPU.ActiveCfg = Debug|Any CPU
		{82479F3F-2FB0-4D35-91F0-6D0E5D21E480}.Debug|Any CPU.Build.0 = Debug|Any CPU
		{82479F3F-2FB0-4D35-91F0-6D0E5D21E480}.Release|Any CPU.ActiveCfg = Release|Any CPU
		{82479F3F-2FB0-4D35-91F0-6D0E5D21E480}.Release|Any CPU.Build.0 = Release|Any CPU
	EndGlobalSection
	GlobalSection(SolutionProperties) = preSolution
		HideSolutionNode = FALSE
	EndGlobalSection
	GlobalSection(ExtensibilityGlobals) = postSolution
		SolutionGuid = {269CD8C3-362F-47F9-B89A-C6B69A1F7BFA}
	EndGlobalSection
EndGlobal
